
Microsoft Visual Studio Solution File, Format Version 12.00
# Visual Studio Version 17
VisualStudioVersion = 17.5.33627.172
MinimumVisualStudioVersion = 10.0.40219.1
Project("{FAE04EC0-301F-11D3-BF4B-00C04F79EFBC}") = "DZ5", "DZ5.csproj", "{8D894ADD-8C6B-49A6-83FE-18E3F8A142D1}"
EndProject
Global
	GlobalSection(SolutionConfigurationPlatforms) = preSolution
		Debug|Any CPU = Debug|Any CPU
		Release|Any CPU = Release|Any CPU
	EndGlobalSection
	GlobalSection(ProjectConfigurationPlatforms) = postSolution
		{8D894ADD-8C6B-49A6-83FE-18E3F8A142D1}.Debug|Any CPU.ActiveCfg = Debug|Any CPU
		{8D894ADD-8C6B-49A6-83FE-18E3F8A142D1}.Debug|Any CPU.Build.0 = Debug|Any CPU
		{8D894ADD-8C6B-49A6-83FE-18E3F8A142D1}.Release|Any CPU.ActiveCfg = Release|Any CPU
		{8D894ADD-8C6B-49A6-83FE-18E3F8A142D1}.Release|Any CPU.Build.0 = Release|Any CPU
	EndGlobalSection
	GlobalSection(SolutionProperties) = preSolution
		HideSolutionNode = FALSE
	EndGlobalSection
	GlobalSection(ExtensibilityGlobals) = postSolution
		SolutionGuid = {E1FA8533-255E-4849-A0D8-0D30BFC1342F}
	EndGlobalSection
EndGlobal
